{
  "ANDROID_BUILD_TOOLS_VERSION": "36.1.0",
  "ANDROID_CMDLINE_TOOLS_VERSION": "19.0",
  "ANDROID_MIN_SDK": 24,
  "ANDROID_COMPILE_SDK": 36,
  "ANDROID_TARGET_SDK": 36,
  "ANDROID_SYSTEM_IMAGE_TAG": "google_apis",
  "ANDROID_INCLUDE_NDK": false,
  "ANDROID_NDK_VERSION": "27.0.12077973",
  "ANDROID_INCLUDE_CMAKE": false,
  "ANDROID_CMAKE_VERSION": "3.22.1"
}
